
Microsoft Visual Studio Solution File, Format Version 12.00
# Visual Studio Version 16
VisualStudioVersion = 16.0.31313.79
MinimumVisualStudioVersion = 10.0.40219.1
Project("{FAE04EC0-301F-11D3-BF4B-00C04F79EFBC}") = "ImageCalculator", "ImageCalculator\ImageCalculator.csproj", "{6392C425-F2C0-4A63-A8B3-1279B237733D}"
EndProject
Global
	GlobalSection(SolutionConfigurationPlatforms) = preSolution
		Debug|Any CPU = Debug|Any CPU
		Release|Any CPU = Release|Any CPU
	EndGlobalSection
	GlobalSection(ProjectConfigurationPlatforms) = postSolution
		{6392C425-F2C0-4A63-A8B3-1279B237733D}.Debug|Any CPU.ActiveCfg = Debug|Any CPU
		{6392C425-F2C0-4A63-A8B3-1279B237733D}.Debug|Any CPU.Build.0 = Debug|Any CPU
		{6392C425-F2C0-4A63-A8B3-1279B237733D}.Release|Any CPU.ActiveCfg = Release|Any CPU
		{6392C425-F2C0-4A63-A8B3-1279B237733D}.Release|Any CPU.Build.0 = Release|Any CPU
	EndGlobalSection
	GlobalSection(SolutionProperties) = preSolution
		HideSolutionNode = FALSE
	EndGlobalSection
	GlobalSection(ExtensibilityGlobals) = postSolution
		SolutionGuid = {A0B6C08B-0923-4B5E-B9A6-9B2C0528603A}
	EndGlobalSection
EndGlobal
